
Microsoft Visual Studio Solution File, Format Version 12.00
# Visual Studio Version 17
VisualStudioVersion = 17.4.33403.182
MinimumVisualStudioVersion = 10.0.40219.1
Project("{FAE04EC0-301F-11D3-BF4B-00C04F79EFBC}") = "THLWToolBox", "THLWToolBox.csproj", "{ADE7B313-015D-4AEF-ABEC-110B53541030}"
EndProject
Global
	GlobalSection(SolutionConfigurationPlatforms) = preSolution
		Debug|Any CPU = Debug|Any CPU
		Release|Any CPU = Release|Any CPU
	EndGlobalSection
	GlobalSection(ProjectConfigurationPlatforms) = postSolution
		{ADE7B313-015D-4AEF-ABEC-110B53541030}.Debug|Any CPU.ActiveCfg = Debug|Any CPU
		{ADE7B313-015D-4AEF-ABEC-110B53541030}.Debug|Any CPU.Build.0 = Debug|Any CPU
		{ADE7B313-015D-4AEF-ABEC-110B53541030}.Release|Any CPU.ActiveCfg = Release|Any CPU
		{ADE7B313-015D-4AEF-ABEC-110B53541030}.Release|Any CPU.Build.0 = Release|Any CPU
	EndGlobalSection
	GlobalSection(SolutionProperties) = preSolution
		HideSolutionNode = FALSE
	EndGlobalSection
	GlobalSection(ExtensibilityGlobals) = postSolution
		SolutionGuid = {A24C9990-5675-46CA-9B01-2D4FEE592FE8}
	EndGlobalSection
EndGlobal
